# This file is generated by running "yarn install" inside your project.
# Manual changes might be lost - proceed with caution!

__metadata:
  version: 6
  cacheKey: 8

"husky@npm:5.1.3":
  version: 5.1.3
  resolution: "husky@npm:5.1.3"
  bin:
    husky: lib/bin.js
  checksum: 31305364a9aefd5dda1946414c85ac1a81b8a58e68b50fce6945cfd81da6a1beb8c22d938f53fb2db9e1f130bde465dedb89fbdc6ca3562e4dc4711dc1c97023
  languageName: node
  linkType: hard

"zodiac-roles-monorepo@workspace:.":
  version: 0.0.0-use.local
  resolution: "zodiac-roles-monorepo@workspace:."
  dependencies:
    husky: 5.1.3
  languageName: unknown
  linkType: soft
